// !$*UTF8*$!
{
	archiveVersion = 1;
	classes = {
	};
	objectVersion = 77;
	objects = {

/* Begin PBXBuildFile section */
		DC86C1C82E3D16BB0044B66D /* Swinject in Frameworks */ = {isa = PBXBuildFile; productRef = DC86C1C72E3D16BB0044B66D /* Swinject */; };
		DC86C1CB2E3D16C70044B66D /* Alamofire in Frameworks */ = {isa = PBXBuildFile; productRef = DC86C1CA2E3D16C70044B66D /* Alamofire */; };
		DC86C1CE2E3D16D10044B66D /* Flow in Frameworks */ = {isa = PBXBuildFile; productRef = DC86C1CD2E3D16D10044B66D /* Flow */; };
/* End PBXBuildFile section */

/* Begin PBXContainerItemProxy section */
		DC86C1832E3D0FBD0044B66D /* PBXContainerItemProxy */ = {
			isa = PBXContainerItemProxy;
			containerPortal = DC86C16B2E3D0FBA0044B66D /* Project object */;
			proxyType = 1;
			remoteGlobalIDString = DC86C1722E3D0FBA0044B66D;
			remoteInfo = "Kofu GameHub v2";
		};
		DC86C18D2E3D0FBD0044B66D /* PBXContainerItemProxy */ = {
			isa = PBXContainerItemProxy;
			containerPortal = DC86C16B2E3D0FBA0044B66D /* Project object */;
			proxyType = 1;
			remoteGlobalIDString = DC86C1722E3D0FBA0044B66D;
			remoteInfo = "Kofu GameHub v2";
		};
/* End PBXContainerItemProxy section */

/* Begin PBXFileReference section */
		DC86C1732E3D0FBA0044B66D /* Kofu GameHub v2.app */ = {isa = PBXFileReference; explicitFileType = wrapper.application; includeInIndex = 0; path = "Kofu GameHub v2.app"; sourceTree = BUILT_PRODUCTS_DIR; };
		DC86C1822E3D0FBD0044B66D /* Kofu GameHub v2 - Tests.xctest */ = {isa = PBXFileReference; explicitFileType = wrapper.cfbundle; includeInIndex = 0; path = "Kofu GameHub v2 - Tests.xctest"; sourceTree = BUILT_PRODUCTS_DIR; };
		DC86C18C2E3D0FBD0044B66D /* Kofu GameHub v2 - UITests.xctest */ = {isa = PBXFileReference; explicitFileType = wrapper.cfbundle; includeInIndex = 0; path = "Kofu GameHub v2 - UITests.xctest"; sourceTree = BUILT_PRODUCTS_DIR; };
/* End PBXFileReference section */

/* Begin PBXFileSystemSynchronizedRootGroup section */
		DC86C1752E3D0FBA0044B66D /* Kofu GameHub v2 */ = {
			isa = PBXFileSystemSynchronizedRootGroup;
			path = "Kofu GameHub v2";
			sourceTree = "<group>";
		};
		DC86C1852E3D0FBD0044B66D /* Kofu GameHub v2 - Tests */ = {
			isa = PBXFileSystemSynchronizedRootGroup;
			path = "Kofu GameHub v2 - Tests";
			sourceTree = "<group>";
		};
		DC86C18F2E3D0FBD0044B66D /* Kofu GameHub v2 - UITests */ = {
			isa = PBXFileSystemSynchronizedRootGroup;
			path = "Kofu GameHub v2 - UITests";
			sourceTree = "<group>";
		};
/* End PBXFileSystemSynchronizedRootGroup section */

/* Begin PBXFrameworksBuildPhase section */
		DC86C1702E3D0FBA0044B66D /* Frameworks */ = {
			isa = PBXFrameworksBuildPhase;
			buildActionMask = 2147483647;
			files = (
				DC86C1C82E3D16BB0044B66D /* Swinject in Frameworks */,
				DC86C1CB2E3D16C70044B66D /* Alamofire in Frameworks */,
				DC86C1CE2E3D16D10044B66D /* Flow in Frameworks */,
			);
			runOnlyForDeploymentPostprocessing = 0;
		};
		DC86C17F2E3D0FBD0044B66D /* Frameworks */ = {
			isa = PBXFrameworksBuildPhase;
			buildActionMask = 2147483647;
			files = (
			);
			runOnlyForDeploymentPostprocessing = 0;
		};
		DC86C1892E3D0FBD0044B66D /* Frameworks */ = {
			isa = PBXFrameworksBuildPhase;
			buildActionMask = 2147483647;
			files = (
			);
			runOnlyForDeploymentPostprocessing = 0;
		};
/* End PBXFrameworksBuildPhase section */

/* Begin PBXGroup section */
		DC86C16A2E3D0FBA0044B66D = {
			isa = PBXGroup;
			children = (
				DC86C1752E3D0FBA0044B66D /* Kofu GameHub v2 */,
				DC86C1852E3D0FBD0044B66D /* Kofu GameHub v2 - Tests */,
				DC86C18F2E3D0FBD0044B66D /* Kofu GameHub v2 - UITests */,
				DC86C1742E3D0FBA0044B66D /* Products */,
			);
			sourceTree = "<group>";
		};
		DC86C1742E3D0FBA0044B66D /* Products */ = {
			isa = PBXGroup;
			children = (
				DC86C1732E3D0FBA0044B66D /* Kofu GameHub v2.app */,
				DC86C1822E3D0FBD0044B66D /* Kofu GameHub v2 - Tests.xctest */,
				DC86C18C2E3D0FBD0044B66D /* Kofu GameHub v2 - UITests.xctest */,
			);
			name = Products;
			sourceTree = "<group>";
		};
/* End PBXGroup section */

/* Begin PBXNativeTarget section */
		DC86C1722E3D0FBA0044B66D /* Kofu GameHub v2 */ = {
			isa = PBXNativeTarget;
			buildConfigurationList = DC86C1962E3D0FBD0044B66D /* Build configuration list for PBXNativeTarget "Kofu GameHub v2" */;
			buildPhases = (
				DC86C16F2E3D0FBA0044B66D /* Sources */,
				DC86C1702E3D0FBA0044B66D /* Frameworks */,
				DC86C1712E3D0FBA0044B66D /* Resources */,
			);
			buildRules = (
			);
			dependencies = (
			);
			fileSystemSynchronizedGroups = (
				DC86C1752E3D0FBA0044B66D /* Kofu GameHub v2 */,
			);
			name = "Kofu GameHub v2";
			packageProductDependencies = (
				DC86C1C72E3D16BB0044B66D /* Swinject */,
				DC86C1CA2E3D16C70044B66D /* Alamofire */,
				DC86C1CD2E3D16D10044B66D /* Flow */,
			);
			productName = "Kofu GameHub v2";
			productReference = DC86C1732E3D0FBA0044B66D /* Kofu GameHub v2.app */;
			productType = "com.apple.product-type.application";
		};
		DC86C1812E3D0FBD0044B66D /* Kofu GameHub v2 - Tests */ = {
			isa = PBXNativeTarget;
			buildConfigurationList = DC86C1992E3D0FBD0044B66D /* Build configuration list for PBXNativeTarget "Kofu GameHub v2 - Tests" */;
			buildPhases = (
				DC86C17E2E3D0FBD0044B66D /* Sources */,
				DC86C17F2E3D0FBD0044B66D /* Frameworks */,
				DC86C1802E3D0FBD0044B66D /* Resources */,
			);
			buildRules = (
			);
			dependencies = (
				DC86C1842E3D0FBD0044B66D /* PBXTargetDependency */,
			);
			fileSystemSynchronizedGroups = (
				DC86C1852E3D0FBD0044B66D /* Kofu GameHub v2 - Tests */,
			);
			name = "Kofu GameHub v2 - Tests";
			packageProductDependencies = (
			);
			productName = "Kofu GameHub v2Tests";
			productReference = DC86C1822E3D0FBD0044B66D /* Kofu GameHub v2 - Tests.xctest */;
			productType = "com.apple.product-type.bundle.unit-test";
		};
		DC86C18B2E3D0FBD0044B66D /* Kofu GameHub v2 - UITests */ = {
			isa = PBXNativeTarget;
			buildConfigurationList = DC86C19C2E3D0FBD0044B66D /* Build configuration list for PBXNativeTarget "Kofu GameHub v2 - UITests" */;
			buildPhases = (
				DC86C1882E3D0FBD0044B66D /* Sources */,
				DC86C1892E3D0FBD0044B66D /* Frameworks */,
				DC86C18A2E3D0FBD0044B66D /* Resources */,
			);
			buildRules = (
			);
			dependencies = (
				DC86C18E2E3D0FBD0044B66D /* PBXTargetDependency */,
			);
			fileSystemSynchronizedGroups = (
				DC86C18F2E3D0FBD0044B66D /* Kofu GameHub v2 - UITests */,
			);
			name = "Kofu GameHub v2 - UITests";
			packageProductDependencies = (
			);
			productName = "Kofu GameHub v2UITests";
			productReference = DC86C18C2E3D0FBD0044B66D /* Kofu GameHub v2 - UITests.xctest */;
			productType = "com.apple.product-type.bundle.ui-testing";
		};
/* End PBXNativeTarget section */

/* Begin PBXProject section */
		DC86C16B2E3D0FBA0044B66D /* Project object */ = {
			isa = PBXProject;
			attributes = {
				BuildIndependentTargetsInParallel = 1;
				LastSwiftUpdateCheck = 1640;
				LastUpgradeCheck = 1640;
				TargetAttributes = {
					DC86C1722E3D0FBA0044B66D = {
						CreatedOnToolsVersion = 16.4;
					};
					DC86C1812E3D0FBD0044B66D = {
						CreatedOnToolsVersion = 16.4;
						TestTargetID = DC86C1722E3D0FBA0044B66D;
					};
					DC86C18B2E3D0FBD0044B66D = {
						CreatedOnToolsVersion = 16.4;
						TestTargetID = DC86C1722E3D0FBA0044B66D;
					};
				};
			};
			buildConfigurationList = DC86C16E2E3D0FBA0044B66D /* Build configuration list for PBXProject "Kofu GameHub v2" */;
			developmentRegion = en;
			hasScannedForEncodings = 0;
			knownRegions = (
				en,
				Base,
			);
			mainGroup = DC86C16A2E3D0FBA0044B66D;
			minimizedProjectReferenceProxies = 1;
			packageReferences = (
				DC86C1BE2E3D13F10044B66D /* XCRemoteSwiftPackageReference "SwiftLintPlugins" */,
				DC86C1C62E3D16BB0044B66D /* XCRemoteSwiftPackageReference "Swinject" */,
				DC86C1C92E3D16C70044B66D /* XCRemoteSwiftPackageReference "Alamofire" */,
				DC86C1CC2E3D16D10044B66D /* XCRemoteSwiftPackageReference "SwiftUI-Flow" */,
			);
			preferredProjectObjectVersion = 77;
			productRefGroup = DC86C1742E3D0FBA0044B66D /* Products */;
			projectDirPath = "";
			projectRoot = "";
			targets = (
				DC86C1722E3D0FBA0044B66D /* Kofu GameHub v2 */,
				DC86C1812E3D0FBD0044B66D /* Kofu GameHub v2 - Tests */,
				DC86C18B2E3D0FBD0044B66D /* Kofu GameHub v2 - UITests */,
			);
		};
/* End PBXProject section */

/* Begin PBXResourcesBuildPhase section */
		DC86C1712E3D0FBA0044B66D /* Resources */ = {
			isa = PBXResourcesBuildPhase;
			buildActionMask = 2147483647;
			files = (
			);
			runOnlyForDeploymentPostprocessing = 0;
		};
		DC86C1802E3D0FBD0044B66D /* Resources */ = {
			isa = PBXResourcesBuildPhase;
			buildActionMask = 2147483647;
			files = (
			);
			runOnlyForDeploymentPostprocessing = 0;
		};
		DC86C18A2E3D0FBD0044B66D /* Resources */ = {
			isa = PBXResourcesBuildPhase;
			buildActionMask = 2147483647;
			files = (
			);
			runOnlyForDeploymentPostprocessing = 0;
		};
/* End PBXResourcesBuildPhase section */

/* Begin PBXSourcesBuildPhase section */
		DC86C16F2E3D0FBA0044B66D /* Sources */ = {
			isa = PBXSourcesBuildPhase;
			buildActionMask = 2147483647;
			files = (
			);
			runOnlyForDeploymentPostprocessing = 0;
		};
		DC86C17E2E3D0FBD0044B66D /* Sources */ = {
			isa = PBXSourcesBuildPhase;
			buildActionMask = 2147483647;
			files = (
			);
			runOnlyForDeploymentPostprocessing = 0;
		};
		DC86C1882E3D0FBD0044B66D /* Sources */ = {
			isa = PBXSourcesBuildPhase;
			buildActionMask = 2147483647;
			files = (
			);
			runOnlyForDeploymentPostprocessing = 0;
		};
/* End PBXSourcesBuildPhase section */

/* Begin PBXTargetDependency section */
		DC86C1842E3D0FBD0044B66D /* PBXTargetDependency */ = {
			isa = PBXTargetDependency;
			target = DC86C1722E3D0FBA0044B66D /* Kofu GameHub v2 */;
			targetProxy = DC86C1832E3D0FBD0044B66D /* PBXContainerItemProxy */;
		};
		DC86C18E2E3D0FBD0044B66D /* PBXTargetDependency */ = {
			isa = PBXTargetDependency;
			target = DC86C1722E3D0FBA0044B66D /* Kofu GameHub v2 */;
			targetProxy = DC86C18D2E3D0FBD0044B66D /* PBXContainerItemProxy */;
		};
/* End PBXTargetDependency section */

/* Begin XCBuildConfiguration section */
		DC86C1942E3D0FBD0044B66D /* Debug */ = {
			isa = XCBuildConfiguration;
			buildSettings = {
				ALWAYS_SEARCH_USER_PATHS = NO;
				ASSETCATALOG_COMPILER_GENERATE_SWIFT_ASSET_SYMBOL_EXTENSIONS = YES;
				CLANG_ANALYZER_NONNULL = YES;
				CLANG_ANALYZER_NUMBER_OBJECT_CONVERSION = YES_AGGRESSIVE;
				CLANG_CXX_LANGUAGE_STANDARD = "gnu++20";
				CLANG_ENABLE_MODULES = YES;
				CLANG_ENABLE_OBJC_ARC = YES;
				CLANG_ENABLE_OBJC_WEAK = YES;
				CLANG_WARN_BLOCK_CAPTURE_AUTORELEASING = YES;
				CLANG_WARN_BOOL_CONVERSION = YES;
				CLANG_WARN_COMMA = YES;
				CLANG_WARN_CONSTANT_CONVERSION = YES;
				CLANG_WARN_DEPRECATED_OBJC_IMPLEMENTATIONS = YES;
				CLANG_WARN_DIRECT_OBJC_ISA_USAGE = YES_ERROR;
				CLANG_WARN_DOCUMENTATION_COMMENTS = YES;
				CLANG_WARN_EMPTY_BODY = YES;
				CLANG_WARN_ENUM_CONVERSION = YES;
				CLANG_WARN_INFINITE_RECURSION = YES;
				CLANG_WARN_INT_CONVERSION = YES;
				CLANG_WARN_NON_LITERAL_NULL_CONVERSION = YES;
				CLANG_WARN_OBJC_IMPLICIT_RETAIN_SELF = YES;
				CLANG_WARN_OBJC_LITERAL_CONVERSION = YES;
				CLANG_WARN_OBJC_ROOT_CLASS = YES_ERROR;
				CLANG_WARN_QUOTED_INCLUDE_IN_FRAMEWORK_HEADER = YES;
				CLANG_WARN_RANGE_LOOP_ANALYSIS = YES;
				CLANG_WARN_STRICT_PROTOTYPES = YES;
				CLANG_WARN_SUSPICIOUS_MOVE = YES;
				CLANG_WARN_UNGUARDED_AVAILABILITY = YES_AGGRESSIVE;
				CLANG_WARN_UNREACHABLE_CODE = YES;
				CLANG_WARN__DUPLICATE_METHOD_MATCH = YES;
				COPY_PHASE_STRIP = NO;
				DEBUG_INFORMATION_FORMAT = dwarf;
				DEVELOPMENT_TEAM = 6TYR8H3MLM;
				ENABLE_STRICT_OBJC_MSGSEND = YES;
				ENABLE_TESTABILITY = YES;
				ENABLE_USER_SCRIPT_SANDBOXING = YES;
				GCC_C_LANGUAGE_STANDARD = gnu17;
				GCC_DYNAMIC_NO_PIC = NO;
				GCC_NO_COMMON_BLOCKS = YES;
				GCC_OPTIMIZATION_LEVEL = 0;
				GCC_PREPROCESSOR_DEFINITIONS = (
					"DEBUG=1",
					"$(inherited)",
				);
				GCC_WARN_64_TO_32_BIT_CONVERSION = YES;
				GCC_WARN_ABOUT_RETURN_TYPE = YES_ERROR;
				GCC_WARN_UNDECLARED_SELECTOR = YES;
				GCC_WARN_UNINITIALIZED_AUTOS = YES_AGGRESSIVE;
				GCC_WARN_UNUSED_FUNCTION = YES;
				GCC_WARN_UNUSED_VARIABLE = YES;
				IPHONEOS_DEPLOYMENT_TARGET = 18.5;
				LOCALIZATION_PREFERS_STRING_CATALOGS = YES;
				MTL_ENABLE_DEBUG_INFO = INCLUDE_SOURCE;
				MTL_FAST_MATH = YES;
				ONLY_ACTIVE_ARCH = YES;
				SDKROOT = iphoneos;
				SWIFT_ACTIVE_COMPILATION_CONDITIONS = "DEBUG $(inherited)";
				SWIFT_OPTIMIZATION_LEVEL = "-Onone";
			};
			name = Debug;
		};
		DC86C1952E3D0FBD0044B66D /* Release */ = {
			isa = XCBuildConfiguration;
			buildSettings = {
				ALWAYS_SEARCH_USER_PATHS = NO;
				ASSETCATALOG_COMPILER_GENERATE_SWIFT_ASSET_SYMBOL_EXTENSIONS = YES;
				CLANG_ANALYZER_NONNULL = YES;
				CLANG_ANALYZER_NUMBER_OBJECT_CONVERSION = YES_AGGRESSIVE;
				CLANG_CXX_LANGUAGE_STANDARD = "gnu++20";
				CLANG_ENABLE_MODULES = YES;
				CLANG_ENABLE_OBJC_ARC = YES;
				CLANG_ENABLE_OBJC_WEAK = YES;
				CLANG_WARN_BLOCK_CAPTURE_AUTORELEASING = YES;
				CLANG_WARN_BOOL_CONVERSION = YES;
				CLANG_WARN_COMMA = YES;
				CLANG_WARN_CONSTANT_CONVERSION = YES;
				CLANG_WARN_DEPRECATED_OBJC_IMPLEMENTATIONS = YES;
				CLANG_WARN_DIRECT_OBJC_ISA_USAGE = YES_ERROR;
				CLANG_WARN_DOCUMENTATION_COMMENTS = YES;
				CLANG_WARN_EMPTY_BODY = YES;
				CLANG_WARN_ENUM_CONVERSION = YES;
				CLANG_WARN_INFINITE_RECURSION = YES;
				CLANG_WARN_INT_CONVERSION = YES;
				CLANG_WARN_NON_LITERAL_NULL_CONVERSION = YES;
				CLANG_WARN_OBJC_IMPLICIT_RETAIN_SELF = YES;
				CLANG_WARN_OBJC_LITERAL_CONVERSION = YES;
				CLANG_WARN_OBJC_ROOT_CLASS = YES_ERROR;
				CLANG_WARN_QUOTED_INCLUDE_IN_FRAMEWORK_HEADER = YES;
				CLANG_WARN_RANGE_LOOP_ANALYSIS = YES;
				CLANG_WARN_STRICT_PROTOTYPES = YES;
				CLANG_WARN_SUSPICIOUS_MOVE = YES;
				CLANG_WARN_UNGUARDED_AVAILABILITY = YES_AGGRESSIVE;
				CLANG_WARN_UNREACHABLE_CODE = YES;
				CLANG_WARN__DUPLICATE_METHOD_MATCH = YES;
				COPY_PHASE_STRIP = NO;
				DEBUG_INFORMATION_FORMAT = "dwarf-with-dsym";
				DEVELOPMENT_TEAM = 6TYR8H3MLM;
				ENABLE_NS_ASSERTIONS = NO;
				ENABLE_STRICT_OBJC_MSGSEND = YES;
				ENABLE_USER_SCRIPT_SANDBOXING = YES;
				GCC_C_LANGUAGE_STANDARD = gnu17;
				GCC_NO_COMMON_BLOCKS = YES;
				GCC_WARN_64_TO_32_BIT_CONVERSION = YES;
				GCC_WARN_ABOUT_RETURN_TYPE = YES_ERROR;
				GCC_WARN_UNDECLARED_SELECTOR = YES;
				GCC_WARN_UNINITIALIZED_AUTOS = YES_AGGRESSIVE;
				GCC_WARN_UNUSED_FUNCTION = YES;
				GCC_WARN_UNUSED_VARIABLE = YES;
				IPHONEOS_DEPLOYMENT_TARGET = 18.5;
				LOCALIZATION_PREFERS_STRING_CATALOGS = YES;
				MTL_ENABLE_DEBUG_INFO = NO;
				MTL_FAST_MATH = YES;
				SDKROOT = iphoneos;
				SWIFT_COMPILATION_MODE = wholemodule;
				VALIDATE_PRODUCT = YES;
			};
			name = Release;
		};
		DC86C1972E3D0FBD0044B66D /* Debug */ = {
			isa = XCBuildConfiguration;
			buildSettings = {
				ASSETCATALOG_COMPILER_APPICON_NAME = AppIcon;
				ASSETCATALOG_COMPILER_GLOBAL_ACCENT_COLOR_NAME = AccentColor;
				CODE_SIGN_STYLE = Automatic;
				CURRENT_PROJECT_VERSION = 1;
				DEVELOPMENT_TEAM = 6TYR8H3MLM;
				ENABLE_PREVIEWS = YES;
				GENERATE_INFOPLIST_FILE = YES;
				INFOPLIST_FILE = "Kofu-GameHub-v2-Info.plist";
				INFOPLIST_KEY_UIApplicationSceneManifest_Generation = YES;
				INFOPLIST_KEY_UIApplicationSupportsIndirectInputEvents = YES;
				INFOPLIST_KEY_UILaunchScreen_Generation = YES;
				INFOPLIST_KEY_UISupportedInterfaceOrientations_iPad = "UIInterfaceOrientationPortrait UIInterfaceOrientationPortraitUpsideDown UIInterfaceOrientationLandscapeLeft UIInterfaceOrientationLandscapeRight";
				INFOPLIST_KEY_UISupportedInterfaceOrientations_iPhone = "UIInterfaceOrientationPortrait UIInterfaceOrientationLandscapeLeft UIInterfaceOrientationLandscapeRight";
				LD_RUNPATH_SEARCH_PATHS = (
					"$(inherited)",
					"@executable_path/Frameworks",
				);
				MARKETING_VERSION = 1.0;
				PRODUCT_BUNDLE_IDENTIFIER = "com.kofu.Kofu-GameHub-v2";
				PRODUCT_NAME = "$(TARGET_NAME)";
				SWIFT_EMIT_LOC_STRINGS = YES;
				SWIFT_VERSION = 5.0;
				TARGETED_DEVICE_FAMILY = "1,2";
			};
			name = Debug;
		};
		DC86C1982E3D0FBD0044B66D /* Release */ = {
			isa = XCBuildConfiguration;
			buildSettings = {
				ASSETCATALOG_COMPILER_APPICON_NAME = AppIcon;
				ASSETCATALOG_COMPILER_GLOBAL_ACCENT_COLOR_NAME = AccentColor;
				CODE_SIGN_STYLE = Automatic;
				CURRENT_PROJECT_VERSION = 1;
				DEVELOPMENT_TEAM = 6TYR8H3MLM;
				ENABLE_PREVIEWS = YES;
				GENERATE_INFOPLIST_FILE = YES;
				INFOPLIST_FILE = "Kofu-GameHub-v2-Info.plist";
				INFOPLIST_KEY_UIApplicationSceneManifest_Generation = YES;
				INFOPLIST_KEY_UIApplicationSupportsIndirectInputEvents = YES;
				INFOPLIST_KEY_UILaunchScreen_Generation = YES;
				INFOPLIST_KEY_UISupportedInterfaceOrientations_iPad = "UIInterfaceOrientationPortrait UIInterfaceOrientationPortraitUpsideDown UIInterfaceOrientationLandscapeLeft UIInterfaceOrientationLandscapeRight";
				INFOPLIST_KEY_UISupportedInterfaceOrientations_iPhone = "UIInterfaceOrientationPortrait UIInterfaceOrientationLandscapeLeft UIInterfaceOrientationLandscapeRight";
				LD_RUNPATH_SEARCH_PATHS = (
					"$(inherited)",
					"@executable_path/Frameworks",
				);
				MARKETING_VERSION = 1.0;
				PRODUCT_BUNDLE_IDENTIFIER = "com.kofu.Kofu-GameHub-v2";
				PRODUCT_NAME = "$(TARGET_NAME)";
				SWIFT_EMIT_LOC_STRINGS = YES;
				SWIFT_VERSION = 5.0;
				TARGETED_DEVICE_FAMILY = "1,2";
			};
			name = Release;
		};
		DC86C19A2E3D0FBD0044B66D /* Debug */ = {
			isa = XCBuildConfiguration;
			buildSettings = {
				BUNDLE_LOADER = "$(TEST_HOST)";
				CODE_SIGN_STYLE = Automatic;
				CURRENT_PROJECT_VERSION = 1;
				DEVELOPMENT_TEAM = 6TYR8H3MLM;
				GENERATE_INFOPLIST_FILE = YES;
				IPHONEOS_DEPLOYMENT_TARGET = 18.5;
				MARKETING_VERSION = 1.0;
				PRODUCT_BUNDLE_IDENTIFIER = "com.kofu.Kofu-GameHub-v2Tests";
				PRODUCT_NAME = "$(TARGET_NAME)";
				SWIFT_EMIT_LOC_STRINGS = NO;
				SWIFT_VERSION = 5.0;
				TARGETED_DEVICE_FAMILY = "1,2";
				TEST_HOST = "$(BUILT_PRODUCTS_DIR)/Kofu GameHub v2.app/$(BUNDLE_EXECUTABLE_FOLDER_PATH)/Kofu GameHub v2";
			};
			name = Debug;
		};
		DC86C19B2E3D0FBD0044B66D /* Release */ = {
			isa = XCBuildConfiguration;
			buildSettings = {
				BUNDLE_LOADER = "$(TEST_HOST)";
				CODE_SIGN_STYLE = Automatic;
				CURRENT_PROJECT_VERSION = 1;
				DEVELOPMENT_TEAM = 6TYR8H3MLM;
				GENERATE_INFOPLIST_FILE = YES;
				IPHONEOS_DEPLOYMENT_TARGET = 18.5;
				MARKETING_VERSION = 1.0;
				PRODUCT_BUNDLE_IDENTIFIER = "com.kofu.Kofu-GameHub-v2Tests";
				PRODUCT_NAME = "$(TARGET_NAME)";
				SWIFT_EMIT_LOC_STRINGS = NO;
				SWIFT_VERSION = 5.0;
				TARGETED_DEVICE_FAMILY = "1,2";
				TEST_HOST = "$(BUILT_PRODUCTS_DIR)/Kofu GameHub v2.app/$(BUNDLE_EXECUTABLE_FOLDER_PATH)/Kofu GameHub v2";
			};
			name = Release;
		};
		DC86C19D2E3D0FBD0044B66D /* Debug */ = {
			isa = XCBuildConfiguration;
			buildSettings = {
				CODE_SIGN_STYLE = Automatic;
				CURRENT_PROJECT_VERSION = 1;
				DEVELOPMENT_TEAM = "";
				GENERATE_INFOPLIST_FILE = YES;
				INFOPLIST_FILE = "Kofu-GameHub-v2---UITests-Info.plist";
				MARKETING_VERSION = 1.0;
				PRODUCT_BUNDLE_IDENTIFIER = "com.kofu.Kofu-GameHub-v2UITests";
				PRODUCT_NAME = "$(TARGET_NAME)";
				SWIFT_EMIT_LOC_STRINGS = NO;
				SWIFT_VERSION = 5.0;
				TARGETED_DEVICE_FAMILY = "1,2";
				TEST_TARGET_NAME = "Kofu GameHub v2";
			};
			name = Debug;
		};
		DC86C19E2E3D0FBD0044B66D /* Release */ = {
			isa = XCBuildConfiguration;
			buildSettings = {
				CODE_SIGN_STYLE = Automatic;
				CURRENT_PROJECT_VERSION = 1;
				DEVELOPMENT_TEAM = "";
				GENERATE_INFOPLIST_FILE = YES;
				INFOPLIST_FILE = "Kofu-GameHub-v2---UITests-Info.plist";
				MARKETING_VERSION = 1.0;
				PRODUCT_BUNDLE_IDENTIFIER = "com.kofu.Kofu-GameHub-v2UITests";
				PRODUCT_NAME = "$(TARGET_NAME)";
				SWIFT_EMIT_LOC_STRINGS = NO;
				SWIFT_VERSION = 5.0;
				TARGETED_DEVICE_FAMILY = "1,2";
				TEST_TARGET_NAME = "Kofu GameHub v2";
			};
			name = Release;
		};
/* End XCBuildConfiguration section */

/* Begin XCConfigurationList section */
		DC86C16E2E3D0FBA0044B66D /* Build configuration list for PBXProject "Kofu GameHub v2" */ = {
			isa = XCConfigurationList;
			buildConfigurations = (
				DC86C1942E3D0FBD0044B66D /* Debug */,
				DC86C1952E3D0FBD0044B66D /* Release */,
			);
			defaultConfigurationIsVisible = 0;
			defaultConfigurationName = Release;
		};
		DC86C1962E3D0FBD0044B66D /* Build configuration list for PBXNativeTarget "Kofu GameHub v2" */ = {
			isa = XCConfigurationList;
			buildConfigurations = (
				DC86C1972E3D0FBD0044B66D /* Debug */,
				DC86C1982E3D0FBD0044B66D /* Release */,
			);
			defaultConfigurationIsVisible = 0;
			defaultConfigurationName = Release;
		};
		DC86C1992E3D0FBD0044B66D /* Build configuration list for PBXNativeTarget "Kofu GameHub v2 - Tests" */ = {
			isa = XCConfigurationList;
			buildConfigurations = (
				DC86C19A2E3D0FBD0044B66D /* Debug */,
				DC86C19B2E3D0FBD0044B66D /* Release */,
			);
			defaultConfigurationIsVisible = 0;
			defaultConfigurationName = Release;
		};
		DC86C19C2E3D0FBD0044B66D /* Build configuration list for PBXNativeTarget "Kofu GameHub v2 - UITests" */ = {
			isa = XCConfigurationList;
			buildConfigurations = (
				DC86C19D2E3D0FBD0044B66D /* Debug */,
				DC86C19E2E3D0FBD0044B66D /* Release */,
			);
			defaultConfigurationIsVisible = 0;
			defaultConfigurationName = Release;
		};
/* End XCConfigurationList section */

/* Begin XCRemoteSwiftPackageReference section */
		DC86C1BE2E3D13F10044B66D /* XCRemoteSwiftPackageReference "SwiftLintPlugins" */ = {
			isa = XCRemoteSwiftPackageReference;
			repositoryURL = "https://github.com/SimplyDanny/SwiftLintPlugins";
			requirement = {
				kind = upToNextMajorVersion;
				minimumVersion = 0.59.1;
			};
		};
		DC86C1C62E3D16BB0044B66D /* XCRemoteSwiftPackageReference "Swinject" */ = {
			isa = XCRemoteSwiftPackageReference;
			repositoryURL = "https://github.com/Swinject/Swinject.git";
			requirement = {
				kind = upToNextMajorVersion;
				minimumVersion = 2.9.1;
			};
		};
		DC86C1C92E3D16C70044B66D /* XCRemoteSwiftPackageReference "Alamofire" */ = {
			isa = XCRemoteSwiftPackageReference;
			repositoryURL = "https://github.com/Alamofire/Alamofire";
			requirement = {
				kind = upToNextMajorVersion;
				minimumVersion = 5.10.2;
			};
		};
		DC86C1CC2E3D16D10044B66D /* XCRemoteSwiftPackageReference "SwiftUI-Flow" */ = {
			isa = XCRemoteSwiftPackageReference;
			repositoryURL = "https://github.com/tevelee/SwiftUI-Flow.git";
			requirement = {
				kind = upToNextMajorVersion;
				minimumVersion = 3.1.1;
			};
		};
/* End XCRemoteSwiftPackageReference section */

/* Begin XCSwiftPackageProductDependency section */
		DC86C1C72E3D16BB0044B66D /* Swinject */ = {
			isa = XCSwiftPackageProductDependency;
			package = DC86C1C62E3D16BB0044B66D /* XCRemoteSwiftPackageReference "Swinject" */;
			productName = Swinject;
		};
		DC86C1CA2E3D16C70044B66D /* Alamofire */ = {
			isa = XCSwiftPackageProductDependency;
			package = DC86C1C92E3D16C70044B66D /* XCRemoteSwiftPackageReference "Alamofire" */;
			productName = Alamofire;
		};
		DC86C1CD2E3D16D10044B66D /* Flow */ = {
			isa = XCSwiftPackageProductDependency;
			package = DC86C1CC2E3D16D10044B66D /* XCRemoteSwiftPackageReference "SwiftUI-Flow" */;
			productName = Flow;
		};
/* End XCSwiftPackageProductDependency section */
	};
	rootObject = DC86C16B2E3D0FBA0044B66D /* Project object */;
}
